
Microsoft Visual Studio Solution File, Format Version 12.00
# Visual Studio Version 16
VisualStudioVersion = 16.0.30011.22
MinimumVisualStudioVersion = 10.0.40219.1
Project("{FAE04EC0-301F-11D3-BF4B-00C04F79EFBC}") = "StoreDB", "StoreDB\StoreDB.csproj", "{EBEE9066-6D5D-4F72-8A0F-019F2DD01A60}"
EndProject
Global
	GlobalSection(SolutionConfigurationPlatforms) = preSolution
		Debug|Any CPU = Debug|Any CPU
		Release|Any CPU = Release|Any CPU
	EndGlobalSection
	GlobalSection(ProjectConfigurationPlatforms) = postSolution
		{EBEE9066-6D5D-4F72-8A0F-019F2DD01A60}.Debug|Any CPU.ActiveCfg = Debug|Any CPU
		{EBEE9066-6D5D-4F72-8A0F-019F2DD01A60}.Debug|Any CPU.Build.0 = Debug|Any CPU
		{EBEE9066-6D5D-4F72-8A0F-019F2DD01A60}.Release|Any CPU.ActiveCfg = Release|Any CPU
		{EBEE9066-6D5D-4F72-8A0F-019F2DD01A60}.Release|Any CPU.Build.0 = Release|Any CPU
	EndGlobalSection
	GlobalSection(SolutionProperties) = preSolution
		HideSolutionNode = FALSE
	EndGlobalSection
	GlobalSection(ExtensibilityGlobals) = postSolution
		SolutionGuid = {6F5ECB28-3F2B-4C26-B9C2-CBDC80457E89}
	EndGlobalSection
EndGlobal
